
Microsoft Visual Studio Solution File, Format Version 12.00
# Visual Studio Version 17
VisualStudioVersion = 17.0.32014.148
MinimumVisualStudioVersion = 10.0.40219.1
Project("{9A19103F-16F7-4668-BE54-9A1E7A4F7556}") = "SendEPROM", "SendEPROM.csproj", "{1B795DA1-604C-44C9-8306-BE3E84743BA2}"
EndProject
Global
	GlobalSection(SolutionConfigurationPlatforms) = preSolution
		Debug|Any CPU = Debug|Any CPU
		Debug|ARM64 = Debug|ARM64
		Release|Any CPU = Release|Any CPU
		Release|ARM64 = Release|ARM64
	EndGlobalSection
	GlobalSection(ProjectConfigurationPlatforms) = postSolution
		{1B795DA1-604C-44C9-8306-BE3E84743BA2}.Debug|Any CPU.ActiveCfg = Debug|Any CPU
		{1B795DA1-604C-44C9-8306-BE3E84743BA2}.Debug|Any CPU.Build.0 = Debug|Any CPU
		{1B795DA1-604C-44C9-8306-BE3E84743BA2}.Debug|ARM64.ActiveCfg = Debug|ARM64
		{1B795DA1-604C-44C9-8306-BE3E84743BA2}.Debug|ARM64.Build.0 = Debug|ARM64
		{1B795DA1-604C-44C9-8306-BE3E84743BA2}.Release|Any CPU.ActiveCfg = Release|Any CPU
		{1B795DA1-604C-44C9-8306-BE3E84743BA2}.Release|Any CPU.Build.0 = Release|Any CPU
		{1B795DA1-604C-44C9-8306-BE3E84743BA2}.Release|ARM64.ActiveCfg = Release|ARM64
		{1B795DA1-604C-44C9-8306-BE3E84743BA2}.Release|ARM64.Build.0 = Release|ARM64
	EndGlobalSection
	GlobalSection(SolutionProperties) = preSolution
		HideSolutionNode = FALSE
	EndGlobalSection
	GlobalSection(ExtensibilityGlobals) = postSolution
		SolutionGuid = {C5F74E1C-5293-43CD-9F71-72BC2BEB69B5}
	EndGlobalSection
EndGlobal
